{
  "name": "rest-countries-api",
  "version": "1.0.0",
  "lockfileVersion": 1,
  "requires": true,
  "dependencies": {
    "@fortawesome/fontawesome-free": {
      "version": "5.15.1",
      "resolved": "https://registry.npmjs.org/@fortawesome/fontawesome-free/-/fontawesome-free-5.15.1.tgz",
      "integrity": "sha512-OEdH7SyC1suTdhBGW91/zBfR6qaIhThbcN8PUXtXilY4GYnSBbVqOntdHbC1vXwsDnX0Qix2m2+DSU1J51ybOQ=="
    },
    "bootstrap": {
      "version": "4.5.3",
      "resolved": "https://registry.npmjs.org/bootstrap/-/bootstrap-4.5.3.tgz",
      "integrity": "sha512-o9ppKQioXGqhw8Z7mah6KdTYpNQY//tipnkxppWhPbiSWdD+1raYsnhwEZjkTHYbGee4cVQ0Rx65EhOY/HNLcQ==",
      "dev": true
    },
    "sweetalert2": {
      "version": "10.12.6",
      "resolved": "https://registry.npmjs.org/sweetalert2/-/sweetalert2-10.12.6.tgz",
      "integrity": "sha512-kkPRpNqP0wF9tAVu1Ygp4pQx4pXY/pgseyW3dOXXRu0S6s7HKfHEmpBUIZrBylRfeJFPOsSEk6sALSwKzNZ9RQ=="
    }
  }
}
